
Microsoft Visual Studio Solution File, Format Version 12.00
# Visual Studio Version 16
VisualStudioVersion = 16.0.30517.126
MinimumVisualStudioVersion = 10.0.40219.1
Project("{9A19103F-16F7-4668-BE54-9A1E7A4F7556}") = "UserAdminCoreWebApp", "UserAdminCoreWebApp\UserAdminCoreWebApp.csproj", "{000D24C9-DEEC-4914-AA03-87B4B5471B6C}"
EndProject
Project("{00D1A9C2-B5F0-4AF3-8072-F6C62B433612}") = "UserAdminDatabase", "UserAdminDatabase\UserAdminDatabase.sqlproj", "{AE5AF04D-3900-49BD-856D-E58F63E74948}"
EndProject
Project("{9A19103F-16F7-4668-BE54-9A1E7A4F7556}") = "UserAdminCoreWebAppNoID", "UserAdminCoreWebAppNoID\UserAdminCoreWebAppNoID.csproj", "{B8C9C19A-53DB-4B5F-8F37-D25F3A5154A6}"
EndProject
Project("{9A19103F-16F7-4668-BE54-9A1E7A4F7556}") = "DataLibrary", "DataLibrary\DataLibrary.csproj", "{3C08752F-65DA-490D-805B-C82DC0CB4CEF}"
EndProject
Project("{FAE04EC0-301F-11D3-BF4B-00C04F79EFBC}") = "UserAdminTest", "UserAdminTest\UserAdminTest.csproj", "{65D72D0E-7F54-4895-A52F-1E5534AD67D6}"
EndProject
Global
	GlobalSection(SolutionConfigurationPlatforms) = preSolution
		Debug|Any CPU = Debug|Any CPU
		Release|Any CPU = Release|Any CPU
	EndGlobalSection
	GlobalSection(ProjectConfigurationPlatforms) = postSolution
		{000D24C9-DEEC-4914-AA03-87B4B5471B6C}.Debug|Any CPU.ActiveCfg = Debug|Any CPU
		{000D24C9-DEEC-4914-AA03-87B4B5471B6C}.Debug|Any CPU.Build.0 = Debug|Any CPU
		{000D24C9-DEEC-4914-AA03-87B4B5471B6C}.Release|Any CPU.ActiveCfg = Release|Any CPU
		{000D24C9-DEEC-4914-AA03-87B4B5471B6C}.Release|Any CPU.Build.0 = Release|Any CPU
		{AE5AF04D-3900-49BD-856D-E58F63E74948}.Debug|Any CPU.ActiveCfg = Debug|Any CPU
		{AE5AF04D-3900-49BD-856D-E58F63E74948}.Debug|Any CPU.Build.0 = Debug|Any CPU
		{AE5AF04D-3900-49BD-856D-E58F63E74948}.Debug|Any CPU.Deploy.0 = Debug|Any CPU
		{AE5AF04D-3900-49BD-856D-E58F63E74948}.Release|Any CPU.ActiveCfg = Release|Any CPU
		{AE5AF04D-3900-49BD-856D-E58F63E74948}.Release|Any CPU.Build.0 = Release|Any CPU
		{AE5AF04D-3900-49BD-856D-E58F63E74948}.Release|Any CPU.Deploy.0 = Release|Any CPU
		{B8C9C19A-53DB-4B5F-8F37-D25F3A5154A6}.Debug|Any CPU.ActiveCfg = Debug|Any CPU
		{B8C9C19A-53DB-4B5F-8F37-D25F3A5154A6}.Debug|Any CPU.Build.0 = Debug|Any CPU
		{B8C9C19A-53DB-4B5F-8F37-D25F3A5154A6}.Release|Any CPU.ActiveCfg = Release|Any CPU
		{B8C9C19A-53DB-4B5F-8F37-D25F3A5154A6}.Release|Any CPU.Build.0 = Release|Any CPU
		{3C08752F-65DA-490D-805B-C82DC0CB4CEF}.Debug|Any CPU.ActiveCfg = Debug|Any CPU
		{3C08752F-65DA-490D-805B-C82DC0CB4CEF}.Debug|Any CPU.Build.0 = Debug|Any CPU
		{3C08752F-65DA-490D-805B-C82DC0CB4CEF}.Release|Any CPU.ActiveCfg = Release|Any CPU
		{3C08752F-65DA-490D-805B-C82DC0CB4CEF}.Release|Any CPU.Build.0 = Release|Any CPU
		{65D72D0E-7F54-4895-A52F-1E5534AD67D6}.Debug|Any CPU.ActiveCfg = Debug|Any CPU
		{65D72D0E-7F54-4895-A52F-1E5534AD67D6}.Debug|Any CPU.Build.0 = Debug|Any CPU
		{65D72D0E-7F54-4895-A52F-1E5534AD67D6}.Release|Any CPU.ActiveCfg = Release|Any CPU
		{65D72D0E-7F54-4895-A52F-1E5534AD67D6}.Release|Any CPU.Build.0 = Release|Any CPU
	EndGlobalSection
	GlobalSection(SolutionProperties) = preSolution
		HideSolutionNode = FALSE
	EndGlobalSection
	GlobalSection(ExtensibilityGlobals) = postSolution
		SolutionGuid = {774890C1-CE8C-4B22-8298-2CA3F94DE003}
	EndGlobalSection
EndGlobal
